
Microsoft Visual Studio Solution File, Format Version 12.00
# Visual Studio Version 16
VisualStudioVersion = 16.0.31729.503
MinimumVisualStudioVersion = 10.0.40219.1
Project("{9A19103F-16F7-4668-BE54-9A1E7A4F7556}") = "RestaurantFinder", "RestaurantFinder\RestaurantFinder.csproj", "{9ABBA394-1E3B-41C4-8D59-A5A6094A3221}"
EndProject
Project("{FAE04EC0-301F-11D3-BF4B-00C04F79EFBC}") = "RestaurantFinder.Domain", "RestaurantFinder.Domain\RestaurantFinder.Domain.csproj", "{8C2C2770-00FC-4A8B-93F4-4AD3692F92EF}"
EndProject
Project("{FAE04EC0-301F-11D3-BF4B-00C04F79EFBC}") = "RestaurantFinder.Models", "RestaurantFinder.Models\RestaurantFinder.Models.csproj", "{C6818406-A86F-4B68-9E0B-5D77FC2DCC61}"
EndProject
Project("{FAE04EC0-301F-11D3-BF4B-00C04F79EFBC}") = "RestaurantFinder.Tests", "RestaurantFinder.Tests\RestaurantFinder.Tests.csproj", "{F2A1DF26-D5C2-4D1C-A264-581FD55457FC}"
EndProject
Global
	GlobalSection(SolutionConfigurationPlatforms) = preSolution
		Debug|Any CPU = Debug|Any CPU
		Release|Any CPU = Release|Any CPU
	EndGlobalSection
	GlobalSection(ProjectConfigurationPlatforms) = postSolution
		{9ABBA394-1E3B-41C4-8D59-A5A6094A3221}.Debug|Any CPU.ActiveCfg = Debug|Any CPU
		{9ABBA394-1E3B-41C4-8D59-A5A6094A3221}.Debug|Any CPU.Build.0 = Debug|Any CPU
		{9ABBA394-1E3B-41C4-8D59-A5A6094A3221}.Release|Any CPU.ActiveCfg = Release|Any CPU
		{9ABBA394-1E3B-41C4-8D59-A5A6094A3221}.Release|Any CPU.Build.0 = Release|Any CPU
		{8C2C2770-00FC-4A8B-93F4-4AD3692F92EF}.Debug|Any CPU.ActiveCfg = Debug|Any CPU
		{8C2C2770-00FC-4A8B-93F4-4AD3692F92EF}.Debug|Any CPU.Build.0 = Debug|Any CPU
		{8C2C2770-00FC-4A8B-93F4-4AD3692F92EF}.Release|Any CPU.ActiveCfg = Release|Any CPU
		{8C2C2770-00FC-4A8B-93F4-4AD3692F92EF}.Release|Any CPU.Build.0 = Release|Any CPU
		{C6818406-A86F-4B68-9E0B-5D77FC2DCC61}.Debug|Any CPU.ActiveCfg = Debug|Any CPU
		{C6818406-A86F-4B68-9E0B-5D77FC2DCC61}.Debug|Any CPU.Build.0 = Debug|Any CPU
		{C6818406-A86F-4B68-9E0B-5D77FC2DCC61}.Release|Any CPU.ActiveCfg = Release|Any CPU
		{C6818406-A86F-4B68-9E0B-5D77FC2DCC61}.Release|Any CPU.Build.0 = Release|Any CPU
		{F2A1DF26-D5C2-4D1C-A264-581FD55457FC}.Debug|Any CPU.ActiveCfg = Debug|Any CPU
		{F2A1DF26-D5C2-4D1C-A264-581FD55457FC}.Debug|Any CPU.Build.0 = Debug|Any CPU
		{F2A1DF26-D5C2-4D1C-A264-581FD55457FC}.Release|Any CPU.ActiveCfg = Release|Any CPU
		{F2A1DF26-D5C2-4D1C-A264-581FD55457FC}.Release|Any CPU.Build.0 = Release|Any CPU
	EndGlobalSection
	GlobalSection(SolutionProperties) = preSolution
		HideSolutionNode = FALSE
	EndGlobalSection
	GlobalSection(ExtensibilityGlobals) = postSolution
		SolutionGuid = {B1D5847E-ECEB-4A52-8050-41F3121F8588}
	EndGlobalSection
EndGlobal
